// !$*UTF8*$!
{
	archiveVersion = 1;
	classes = {
	};
	objectVersion = 56;
	objects = {

/* Begin PBXBuildFile section */
		DBFEACA6296C701100844CAE /* EmbeddableViewApp.swift in Sources */ = {isa = PBXBuildFile; fileRef = DBFEACA5296C701100844CAE /* EmbeddableViewApp.swift */; };
		DBFEACA8296C701100844CAE /* ContentView.swift in Sources */ = {isa = PBXBuildFile; fileRef = DBFEACA7296C701100844CAE /* ContentView.swift */; };
		DBFEACAA296C701300844CAE /* Assets.xcassets in Resources */ = {isa = PBXBuildFile; fileRef = DBFEACA9296C701300844CAE /* Assets.xcassets */; };
		DBFEACAE296C701300844CAE /* Preview Assets.xcassets in Resources */ = {isa = PBXBuildFile; fileRef = DBFEACAD296C701300844CAE /* Preview Assets.xcassets */; };
		DBFEACBA296C717200844CAE /* AdaEngineEmbeddable in Frameworks */ = {isa = PBXBuildFile; productRef = DBFEACB9296C717200844CAE /* AdaEngineEmbeddable */; };
		DBFEACBD296C718B00844CAE /* EngineView.swift in Sources */ = {isa = PBXBuildFile; fileRef = DBFEACBC296C718B00844CAE /* EngineView.swift */; };
		DBFEACC0296C722E00844CAE /* GameScene.swift in Sources */ = {isa = PBXBuildFile; fileRef = DBFEACBF296C722E00844CAE /* GameScene.swift */; };
		DBFEACC4296C7D5300844CAE /* characters_packed.png in Resources */ = {isa = PBXBuildFile; fileRef = DBFEACC2296C7D5300844CAE /* characters_packed.png */; };
		DBFEACC5296C7D5300844CAE /* tiles_packed.png in Resources */ = {isa = PBXBuildFile; fileRef = DBFEACC3296C7D5300844CAE /* tiles_packed.png */; };
/* End PBXBuildFile section */

/* Begin PBXFileReference section */
		DBFEACA2296C701100844CAE /* EmbeddableView.app */ = {isa = PBXFileReference; explicitFileType = wrapper.application; includeInIndex = 0; path = EmbeddableView.app; sourceTree = BUILT_PRODUCTS_DIR; };
		DBFEACA5296C701100844CAE /* EmbeddableViewApp.swift */ = {isa = PBXFileReference; lastKnownFileType = sourcecode.swift; path = EmbeddableViewApp.swift; sourceTree = "<group>"; };
		DBFEACA7296C701100844CAE /* ContentView.swift */ = {isa = PBXFileReference; lastKnownFileType = sourcecode.swift; path = ContentView.swift; sourceTree = "<group>"; };
		DBFEACA9296C701300844CAE /* Assets.xcassets */ = {isa = PBXFileReference; lastKnownFileType = folder.assetcatalog; path = Assets.xcassets; sourceTree = "<group>"; };
		DBFEACAB296C701300844CAE /* EmbeddableView.entitlements */ = {isa = PBXFileReference; lastKnownFileType = text.plist.entitlements; path = EmbeddableView.entitlements; sourceTree = "<group>"; };
		DBFEACAD296C701300844CAE /* Preview Assets.xcassets */ = {isa = PBXFileReference; lastKnownFileType = folder.assetcatalog; path = "Preview Assets.xcassets"; sourceTree = "<group>"; };
		DBFEACB7296C716600844CAE /* AdaEngine */ = {isa = PBXFileReference; lastKnownFileType = wrapper; name = AdaEngine; path = ../..; sourceTree = "<group>"; };
		DBFEACBC296C718B00844CAE /* EngineView.swift */ = {isa = PBXFileReference; lastKnownFileType = sourcecode.swift; path = EngineView.swift; sourceTree = "<group>"; };
		DBFEACBF296C722E00844CAE /* GameScene.swift */ = {isa = PBXFileReference; lastKnownFileType = sourcecode.swift; path = GameScene.swift; sourceTree = "<group>"; };
		DBFEACC2296C7D5300844CAE /* characters_packed.png */ = {isa = PBXFileReference; lastKnownFileType = image.png; path = characters_packed.png; sourceTree = "<group>"; };
		DBFEACC3296C7D5300844CAE /* tiles_packed.png */ = {isa = PBXFileReference; lastKnownFileType = image.png; path = tiles_packed.png; sourceTree = "<group>"; };
/* End PBXFileReference section */

/* Begin PBXFrameworksBuildPhase section */
		DBFEAC9F296C701100844CAE /* Frameworks */ = {
			isa = PBXFrameworksBuildPhase;
			buildActionMask = 2147483647;
			files = (
				DBFEACBA296C717200844CAE /* AdaEngineEmbeddable in Frameworks */,
			);
			runOnlyForDeploymentPostprocessing = 0;
		};
/* End PBXFrameworksBuildPhase section */

/* Begin PBXGroup section */
		DBFEAC99296C701100844CAE = {
			isa = PBXGroup;
			children = (
				DBFEACB4296C702700844CAE /* Packages */,
				DBFEACA4296C701100844CAE /* EmbeddableView */,
				DBFEACA3296C701100844CAE /* Products */,
				DBFEACB8296C717200844CAE /* Frameworks */,
			);
			sourceTree = "<group>";
		};
		DBFEACA3296C701100844CAE /* Products */ = {
			isa = PBXGroup;
			children = (
				DBFEACA2296C701100844CAE /* EmbeddableView.app */,
			);
			name = Products;
			sourceTree = "<group>";
		};
		DBFEACA4296C701100844CAE /* EmbeddableView */ = {
			isa = PBXGroup;
			children = (
				DBFEACC1296C7D3300844CAE /* Assets */,
				DBFEACBB296C717A00844CAE /* Engine */,
				DBFEACA5296C701100844CAE /* EmbeddableViewApp.swift */,
				DBFEACA7296C701100844CAE /* ContentView.swift */,
				DBFEACA9296C701300844CAE /* Assets.xcassets */,
				DBFEACAB296C701300844CAE /* EmbeddableView.entitlements */,
				DBFEACAC296C701300844CAE /* Preview Content */,
			);
			path = EmbeddableView;
			sourceTree = "<group>";
		};
		DBFEACAC296C701300844CAE /* Preview Content */ = {
			isa = PBXGroup;
			children = (
				DBFEACAD296C701300844CAE /* Preview Assets.xcassets */,
			);
			path = "Preview Content";
			sourceTree = "<group>";
		};
		DBFEACB4296C702700844CAE /* Packages */ = {
			isa = PBXGroup;
			children = (
				DBFEACB7296C716600844CAE /* AdaEngine */,
			);
			name = Packages;
			sourceTree = "<group>";
		};
		DBFEACB8296C717200844CAE /* Frameworks */ = {
			isa = PBXGroup;
			children = (
			);
			name = Frameworks;
			sourceTree = "<group>";
		};
		DBFEACBB296C717A00844CAE /* Engine */ = {
			isa = PBXGroup;
			children = (
				DBFEACBC296C718B00844CAE /* EngineView.swift */,
				DBFEACBF296C722E00844CAE /* GameScene.swift */,
			);
			path = Engine;
			sourceTree = "<group>";
		};
		DBFEACC1296C7D3300844CAE /* Assets */ = {
			isa = PBXGroup;
			children = (
				DBFEACC2296C7D5300844CAE /* characters_packed.png */,
				DBFEACC3296C7D5300844CAE /* tiles_packed.png */,
			);
			path = Assets;
			sourceTree = "<group>";
		};
/* End PBXGroup section */

/* Begin PBXNativeTarget section */
		DBFEACA1296C701100844CAE /* EmbeddableView */ = {
			isa = PBXNativeTarget;
			buildConfigurationList = DBFEACB1296C701300844CAE /* Build configuration list for PBXNativeTarget "EmbeddableView" */;
			buildPhases = (
				DBFEAC9E296C701100844CAE /* Sources */,
				DBFEAC9F296C701100844CAE /* Frameworks */,
				DBFEACA0296C701100844CAE /* Resources */,
			);
			buildRules = (
			);
			dependencies = (
			);
			name = EmbeddableView;
			packageProductDependencies = (
				DBFEACB9296C717200844CAE /* AdaEngineEmbeddable */,
			);
			productName = EmbeddableView;
			productReference = DBFEACA2296C701100844CAE /* EmbeddableView.app */;
			productType = "com.apple.product-type.application";
		};
/* End PBXNativeTarget section */

/* Begin PBXProject section */
		DBFEAC9A296C701100844CAE /* Project object */ = {
			isa = PBXProject;
			attributes = {
				BuildIndependentTargetsInParallel = 1;
				LastSwiftUpdateCheck = 1400;
				LastUpgradeCheck = 1400;
				TargetAttributes = {
					DBFEACA1296C701100844CAE = {
						CreatedOnToolsVersion = 14.0;
					};
				};
			};
			buildConfigurationList = DBFEAC9D296C701100844CAE /* Build configuration list for PBXProject "EmbeddableView" */;
			compatibilityVersion = "Xcode 14.0";
			developmentRegion = en;
			hasScannedForEncodings = 0;
			knownRegions = (
				en,
				Base,
			);
			mainGroup = DBFEAC99296C701100844CAE;
			productRefGroup = DBFEACA3296C701100844CAE /* Products */;
			projectDirPath = "";
			projectRoot = "";
			targets = (
				DBFEACA1296C701100844CAE /* EmbeddableView */,
			);
		};
/* End PBXProject section */

/* Begin PBXResourcesBuildPhase section */
		DBFEACA0296C701100844CAE /* Resources */ = {
			isa = PBXResourcesBuildPhase;
			buildActionMask = 2147483647;
			files = (
				DBFEACAE296C701300844CAE /* Preview Assets.xcassets in Resources */,
				DBFEACAA296C701300844CAE /* Assets.xcassets in Resources */,
				DBFEACC4296C7D5300844CAE /* characters_packed.png in Resources */,
				DBFEACC5296C7D5300844CAE /* tiles_packed.png in Resources */,
			);
			runOnlyForDeploymentPostprocessing = 0;
		};
/* End PBXResourcesBuildPhase section */

/* Begin PBXSourcesBuildPhase section */
		DBFEAC9E296C701100844CAE /* Sources */ = {
			isa = PBXSourcesBuildPhase;
			buildActionMask = 2147483647;
			files = (
				DBFEACA8296C701100844CAE /* ContentView.swift in Sources */,
				DBFEACA6296C701100844CAE /* EmbeddableViewApp.swift in Sources */,
				DBFEACC0296C722E00844CAE /* GameScene.swift in Sources */,
				DBFEACBD296C718B00844CAE /* EngineView.swift in Sources */,
			);
			runOnlyForDeploymentPostprocessing = 0;
		};
/* End PBXSourcesBuildPhase section */

/* Begin XCBuildConfiguration section */
		DBFEACAF296C701300844CAE /* Debug */ = {
			isa = XCBuildConfiguration;
			buildSettings = {
				ALWAYS_SEARCH_USER_PATHS = NO;
				CLANG_ANALYZER_NONNULL = YES;
				CLANG_ANALYZER_NUMBER_OBJECT_CONVERSION = YES_AGGRESSIVE;
				CLANG_CXX_LANGUAGE_STANDARD = "gnu++20";
				CLANG_ENABLE_MODULES = YES;
				CLANG_ENABLE_OBJC_ARC = YES;
				CLANG_ENABLE_OBJC_WEAK = YES;
				CLANG_WARN_BLOCK_CAPTURE_AUTORELEASING = YES;
				CLANG_WARN_BOOL_CONVERSION = YES;
				CLANG_WARN_COMMA = YES;
				CLANG_WARN_CONSTANT_CONVERSION = YES;
				CLANG_WARN_DEPRECATED_OBJC_IMPLEMENTATIONS = YES;
				CLANG_WARN_DIRECT_OBJC_ISA_USAGE = YES_ERROR;
				CLANG_WARN_DOCUMENTATION_COMMENTS = YES;
				CLANG_WARN_EMPTY_BODY = YES;
				CLANG_WARN_ENUM_CONVERSION = YES;
				CLANG_WARN_INFINITE_RECURSION = YES;
				CLANG_WARN_INT_CONVERSION = YES;
				CLANG_WARN_NON_LITERAL_NULL_CONVERSION = YES;
				CLANG_WARN_OBJC_IMPLICIT_RETAIN_SELF = YES;
				CLANG_WARN_OBJC_LITERAL_CONVERSION = YES;
				CLANG_WARN_OBJC_ROOT_CLASS = YES_ERROR;
				CLANG_WARN_QUOTED_INCLUDE_IN_FRAMEWORK_HEADER = YES;
				CLANG_WARN_RANGE_LOOP_ANALYSIS = YES;
				CLANG_WARN_STRICT_PROTOTYPES = YES;
				CLANG_WARN_SUSPICIOUS_MOVE = YES;
				CLANG_WARN_UNGUARDED_AVAILABILITY = YES_AGGRESSIVE;
				CLANG_WARN_UNREACHABLE_CODE = YES;
				CLANG_WARN__DUPLICATE_METHOD_MATCH = YES;
				COPY_PHASE_STRIP = NO;
				DEBUG_INFORMATION_FORMAT = dwarf;
				ENABLE_STRICT_OBJC_MSGSEND = YES;
				ENABLE_TESTABILITY = YES;
				GCC_C_LANGUAGE_STANDARD = gnu11;
				GCC_DYNAMIC_NO_PIC = NO;
				GCC_NO_COMMON_BLOCKS = YES;
				GCC_OPTIMIZATION_LEVEL = 0;
				GCC_PREPROCESSOR_DEFINITIONS = (
					"DEBUG=1",
					"$(inherited)",
				);
				GCC_WARN_64_TO_32_BIT_CONVERSION = YES;
				GCC_WARN_ABOUT_RETURN_TYPE = YES_ERROR;
				GCC_WARN_UNDECLARED_SELECTOR = YES;
				GCC_WARN_UNINITIALIZED_AUTOS = YES_AGGRESSIVE;
				GCC_WARN_UNUSED_FUNCTION = YES;
				GCC_WARN_UNUSED_VARIABLE = YES;
				MTL_ENABLE_DEBUG_INFO = INCLUDE_SOURCE;
				MTL_FAST_MATH = YES;
				ONLY_ACTIVE_ARCH = YES;
				SWIFT_ACTIVE_COMPILATION_CONDITIONS = DEBUG;
				SWIFT_OPTIMIZATION_LEVEL = "-Onone";
			};
			name = Debug;
		};
		DBFEACB0296C701300844CAE /* Release */ = {
			isa = XCBuildConfiguration;
			buildSettings = {
				ALWAYS_SEARCH_USER_PATHS = NO;
				CLANG_ANALYZER_NONNULL = YES;
				CLANG_ANALYZER_NUMBER_OBJECT_CONVERSION = YES_AGGRESSIVE;
				CLANG_CXX_LANGUAGE_STANDARD = "gnu++20";
				CLANG_ENABLE_MODULES = YES;
				CLANG_ENABLE_OBJC_ARC = YES;
				CLANG_ENABLE_OBJC_WEAK = YES;
				CLANG_WARN_BLOCK_CAPTURE_AUTORELEASING = YES;
				CLANG_WARN_BOOL_CONVERSION = YES;
				CLANG_WARN_COMMA = YES;
				CLANG_WARN_CONSTANT_CONVERSION = YES;
				CLANG_WARN_DEPRECATED_OBJC_IMPLEMENTATIONS = YES;
				CLANG_WARN_DIRECT_OBJC_ISA_USAGE = YES_ERROR;
				CLANG_WARN_DOCUMENTATION_COMMENTS = YES;
				CLANG_WARN_EMPTY_BODY = YES;
				CLANG_WARN_ENUM_CONVERSION = YES;
				CLANG_WARN_INFINITE_RECURSION = YES;
				CLANG_WARN_INT_CONVERSION = YES;
				CLANG_WARN_NON_LITERAL_NULL_CONVERSION = YES;
				CLANG_WARN_OBJC_IMPLICIT_RETAIN_SELF = YES;
				CLANG_WARN_OBJC_LITERAL_CONVERSION = YES;
				CLANG_WARN_OBJC_ROOT_CLASS = YES_ERROR;
				CLANG_WARN_QUOTED_INCLUDE_IN_FRAMEWORK_HEADER = YES;
				CLANG_WARN_RANGE_LOOP_ANALYSIS = YES;
				CLANG_WARN_STRICT_PROTOTYPES = YES;
				CLANG_WARN_SUSPICIOUS_MOVE = YES;
				CLANG_WARN_UNGUARDED_AVAILABILITY = YES_AGGRESSIVE;
				CLANG_WARN_UNREACHABLE_CODE = YES;
				CLANG_WARN__DUPLICATE_METHOD_MATCH = YES;
				COPY_PHASE_STRIP = NO;
				DEBUG_INFORMATION_FORMAT = "dwarf-with-dsym";
				ENABLE_NS_ASSERTIONS = NO;
				ENABLE_STRICT_OBJC_MSGSEND = YES;
				GCC_C_LANGUAGE_STANDARD = gnu11;
				GCC_NO_COMMON_BLOCKS = YES;
				GCC_WARN_64_TO_32_BIT_CONVERSION = YES;
				GCC_WARN_ABOUT_RETURN_TYPE = YES_ERROR;
				GCC_WARN_UNDECLARED_SELECTOR = YES;
				GCC_WARN_UNINITIALIZED_AUTOS = YES_AGGRESSIVE;
				GCC_WARN_UNUSED_FUNCTION = YES;
				GCC_WARN_UNUSED_VARIABLE = YES;
				MTL_ENABLE_DEBUG_INFO = NO;
				MTL_FAST_MATH = YES;
				SWIFT_COMPILATION_MODE = wholemodule;
				SWIFT_OPTIMIZATION_LEVEL = "-O";
			};
			name = Release;
		};
		DBFEACB2296C701300844CAE /* Debug */ = {
			isa = XCBuildConfiguration;
			buildSettings = {
				ASSETCATALOG_COMPILER_APPICON_NAME = AppIcon;
				ASSETCATALOG_COMPILER_GLOBAL_ACCENT_COLOR_NAME = AccentColor;
				CODE_SIGN_ENTITLEMENTS = EmbeddableView/EmbeddableView.entitlements;
				CODE_SIGN_STYLE = Automatic;
				CURRENT_PROJECT_VERSION = 1;
				DEVELOPMENT_ASSET_PATHS = "\"EmbeddableView/Preview Content\"";
				ENABLE_PREVIEWS = YES;
				GENERATE_INFOPLIST_FILE = YES;
				"INFOPLIST_KEY_UIApplicationSceneManifest_Generation[sdk=iphoneos*]" = YES;
				"INFOPLIST_KEY_UIApplicationSceneManifest_Generation[sdk=iphonesimulator*]" = YES;
				"INFOPLIST_KEY_UIApplicationSupportsIndirectInputEvents[sdk=iphoneos*]" = YES;
				"INFOPLIST_KEY_UIApplicationSupportsIndirectInputEvents[sdk=iphonesimulator*]" = YES;
				"INFOPLIST_KEY_UILaunchScreen_Generation[sdk=iphoneos*]" = YES;
				"INFOPLIST_KEY_UILaunchScreen_Generation[sdk=iphonesimulator*]" = YES;
				"INFOPLIST_KEY_UIStatusBarStyle[sdk=iphoneos*]" = UIStatusBarStyleDefault;
				"INFOPLIST_KEY_UIStatusBarStyle[sdk=iphonesimulator*]" = UIStatusBarStyleDefault;
				INFOPLIST_KEY_UISupportedInterfaceOrientations_iPad = "UIInterfaceOrientationPortrait UIInterfaceOrientationPortraitUpsideDown UIInterfaceOrientationLandscapeLeft UIInterfaceOrientationLandscapeRight";
				INFOPLIST_KEY_UISupportedInterfaceOrientations_iPhone = "UIInterfaceOrientationPortrait UIInterfaceOrientationLandscapeLeft UIInterfaceOrientationLandscapeRight";
				IPHONEOS_DEPLOYMENT_TARGET = 16.0;
				LD_RUNPATH_SEARCH_PATHS = "@executable_path/Frameworks";
				"LD_RUNPATH_SEARCH_PATHS[sdk=macosx*]" = "@executable_path/../Frameworks";
				MACOSX_DEPLOYMENT_TARGET = 15.0;
				MARKETING_VERSION = 1.0;
				PRODUCT_BUNDLE_IDENTIFIER = dev.litecode.EmbeddableView;
				PRODUCT_NAME = "$(TARGET_NAME)";
				SDKROOT = auto;
				SUPPORTED_PLATFORMS = "iphoneos iphonesimulator macosx";
				SWIFT_EMIT_LOC_STRINGS = YES;
				SWIFT_VERSION = 5.0;
				TARGETED_DEVICE_FAMILY = "1,2";
			};
			name = Debug;
		};
		DBFEACB3296C701300844CAE /* Release */ = {
			isa = XCBuildConfiguration;
			buildSettings = {
				ASSETCATALOG_COMPILER_APPICON_NAME = AppIcon;
				ASSETCATALOG_COMPILER_GLOBAL_ACCENT_COLOR_NAME = AccentColor;
				CODE_SIGN_ENTITLEMENTS = EmbeddableView/EmbeddableView.entitlements;
				CODE_SIGN_STYLE = Automatic;
				CURRENT_PROJECT_VERSION = 1;
				DEVELOPMENT_ASSET_PATHS = "\"EmbeddableView/Preview Content\"";
				ENABLE_PREVIEWS = YES;
				GENERATE_INFOPLIST_FILE = YES;
				"INFOPLIST_KEY_UIApplicationSceneManifest_Generation[sdk=iphoneos*]" = YES;
				"INFOPLIST_KEY_UIApplicationSceneManifest_Generation[sdk=iphonesimulator*]" = YES;
				"INFOPLIST_KEY_UIApplicationSupportsIndirectInputEvents[sdk=iphoneos*]" = YES;
				"INFOPLIST_KEY_UIApplicationSupportsIndirectInputEvents[sdk=iphonesimulator*]" = YES;
				"INFOPLIST_KEY_UILaunchScreen_Generation[sdk=iphoneos*]" = YES;
				"INFOPLIST_KEY_UILaunchScreen_Generation[sdk=iphonesimulator*]" = YES;
				"INFOPLIST_KEY_UIStatusBarStyle[sdk=iphoneos*]" = UIStatusBarStyleDefault;
				"INFOPLIST_KEY_UIStatusBarStyle[sdk=iphonesimulator*]" = UIStatusBarStyleDefault;
				INFOPLIST_KEY_UISupportedInterfaceOrientations_iPad = "UIInterfaceOrientationPortrait UIInterfaceOrientationPortraitUpsideDown UIInterfaceOrientationLandscapeLeft UIInterfaceOrientationLandscapeRight";
				INFOPLIST_KEY_UISupportedInterfaceOrientations_iPhone = "UIInterfaceOrientationPortrait UIInterfaceOrientationLandscapeLeft UIInterfaceOrientationLandscapeRight";
				IPHONEOS_DEPLOYMENT_TARGET = 16.0;
				LD_RUNPATH_SEARCH_PATHS = "@executable_path/Frameworks";
				"LD_RUNPATH_SEARCH_PATHS[sdk=macosx*]" = "@executable_path/../Frameworks";
				MACOSX_DEPLOYMENT_TARGET = 15.0;
				MARKETING_VERSION = 1.0;
				PRODUCT_BUNDLE_IDENTIFIER = dev.litecode.EmbeddableView;
				PRODUCT_NAME = "$(TARGET_NAME)";
				SDKROOT = auto;
				SUPPORTED_PLATFORMS = "iphoneos iphonesimulator macosx";
				SWIFT_EMIT_LOC_STRINGS = YES;
				SWIFT_VERSION = 5.0;
				TARGETED_DEVICE_FAMILY = "1,2";
			};
			name = Release;
		};
/* End XCBuildConfiguration section */

/* Begin XCConfigurationList section */
		DBFEAC9D296C701100844CAE /* Build configuration list for PBXProject "EmbeddableView" */ = {
			isa = XCConfigurationList;
			buildConfigurations = (
				DBFEACAF296C701300844CAE /* Debug */,
				DBFEACB0296C701300844CAE /* Release */,
			);
			defaultConfigurationIsVisible = 0;
			defaultConfigurationName = Release;
		};
		DBFEACB1296C701300844CAE /* Build configuration list for PBXNativeTarget "EmbeddableView" */ = {
			isa = XCConfigurationList;
			buildConfigurations = (
				DBFEACB2296C701300844CAE /* Debug */,
				DBFEACB3296C701300844CAE /* Release */,
			);
			defaultConfigurationIsVisible = 0;
			defaultConfigurationName = Release;
		};
/* End XCConfigurationList section */

/* Begin XCSwiftPackageProductDependency section */
		DBFEACB9296C717200844CAE /* AdaEngineEmbeddable */ = {
			isa = XCSwiftPackageProductDependency;
			productName = AdaEngineEmbeddable;
		};
/* End XCSwiftPackageProductDependency section */
	};
	rootObject = DBFEAC9A296C701100844CAE /* Project object */;
}
